[dependencies]
  [dependencies.argo-cd]
    name = "argo-cd"
    full_name = "argo-cd_0.1.1"
    version = "0.1.1"
    sum = "0T9KTVfQ+Au1t4Y7ovaF48X9jp0A2ckfFRWM3DUhH7Q="
    reg = "ghcr.io"
    repo = "kcl-lang/argo-cd"
    oci_tag = "0.1.1"
  [dependencies.argo-rollouts]
    name = "argo-rollouts"
    full_name = "argo-rollouts_0.1.1"
    version = "0.1.1"
    sum = "9xy9jvKDx0pAri0TnRafQjxgfKW8TuNCh8mIfCjkzTo="
    reg = "ghcr.io"
    repo = "kcl-lang/argo-rollouts"
    oci_tag = "0.1.1"
  [dependencies.argo-workflow]
    name = "argo-workflow"
    full_name = "argo-workflow_3.6.5"
    version = "3.6.5"
    sum = "hUXGwWYTVpscVHqHYWhubQVnD3/ACwABymLLMr6BuSU="
    reg = "ghcr.io"
    repo = "kcl-lang/argo-workflow"
    oci_tag = "3.6.5"
  [dependencies.crossplane]
    name = "crossplane"
    full_name = "crossplane_v2.0.2"
    version = "v2.0.2"
    sum = "j5Cx60fnvlWWp0wQ89JJ618Wyy03YGb7eiftPcvTtEo="
    reg = "ghcr.io"
    repo = "kcl-lang/crossplane"
    oci_tag = "v2.0.2"
  [dependencies.dapr]
    name = "dapr"
    full_name = "dapr_0.1.2"
    version = "0.1.2"
    sum = "vrqjEQ4CI87Zo+zfNYwWVBaglHjhgCRb3valhYJyBqM="
    reg = "ghcr.io"
    repo = "kcl-lang/dapr"
    oci_tag = "0.1.2"
  [dependencies.external-secrets]
    name = "external-secrets"
    full_name = "external-secrets_0.18.2"
    version = "0.18.2"
    sum = "GKneYUgJl+jFFWRI2NlOwPYVtDTYW/DRb6JHh1tNPqU="
    reg = "ghcr.io"
    repo = "kcl-lang/external-secrets"
    oci_tag = "0.18.2"
  [dependencies.gateway-api]
    name = "gateway-api"
    full_name = "gateway-api_1.3.0"
    version = "1.3.0"
    sum = "rWiZ1LDjJH/JLA/Qx3LMaCyUSc9dOgtNqJXOSIfhSQM="
    reg = "ghcr.io"
    repo = "kcl-lang/gateway-api"
    oci_tag = "1.3.0"
  [dependencies.istio]
    name = "istio"
    full_name = "istio_1.21.5"
    version = "1.21.5"
    sum = "UJeeW5a6kxlEf9STlV21lnM74RFoAomaWNGeGPjbsNk="
    reg = "ghcr.io"
    repo = "kcl-lang/istio"
    oci_tag = "1.21.5"
  [dependencies.k8s]
    name = "k8s"
    full_name = "k8s_1.31.2"
    version = "1.31.2"
    sum = "xBZgPsnpVVyWBpahuPQHReeRx28eUHGFoaPeqbct+vs="
    reg = "ghcr.io"
    repo = "kcl-lang/k8s"
    oci_tag = "1.31.2"
  [dependencies.prometheus]
    name = "prometheus"
    full_name = "prometheus_0.2.1"
    version = "0.2.1"
    sum = "BJTbIP1RhGBusnFqsLTc2E+HUDdyxOKTT/aSk0RBnAU="
    reg = "ghcr.io"
    repo = "kcl-lang/prometheus"
    oci_tag = "0.2.1"
  [dependencies.tekton]
    name = "tekton"
    full_name = "tekton_0.2.1"
    version = "0.2.1"
    sum = "/H2lb2t62LVwRbsgE7j3D5Gq+tMwK+es60Itb3OeJR0="
    reg = "ghcr.io"
    repo = "kcl-lang/tekton"
    oci_tag = "0.2.1"
